
Microsoft Visual Studio Solution File, Format Version 12.00
# Visual Studio Version 16
VisualStudioVersion = 16.0.29326.143
MinimumVisualStudioVersion = 10.0.40219.1
Project("{9A19103F-16F7-4668-BE54-9A1E7A4F7556}") = "Homepage", "Homepage\Homepage.csproj", "{5C968001-E65D-4B97-8D5D-D5FC9E200F5B}"
EndProject
Project("{9A19103F-16F7-4668-BE54-9A1E7A4F7556}") = "Application", "TestBibli\Application.csproj", "{412BCD8C-DD1A-4ED5-B2F0-D8060835A01B}"
EndProject
Project("{9A19103F-16F7-4668-BE54-9A1E7A4F7556}") = "Management", "Management\Management.csproj", "{149F3CED-E4ED-4209-86C3-A3B725B6E921}"
	ProjectSection(ProjectDependencies) = postProject
		{B9EDBDA6-EE43-4F50-A301-911C1CED4CAD} = {B9EDBDA6-EE43-4F50-A301-911C1CED4CAD}
	EndProjectSection
EndProject
Project("{9A19103F-16F7-4668-BE54-9A1E7A4F7556}") = "TestUnitaire", "TestUnitaire\TestUnitaire.csproj", "{5411DA8B-E41D-4EAC-BE59-9A584394DF9D}"
EndProject
Project("{2150E333-8FDC-42A3-9474-1A3956D46DE8}") = "Tests", "Tests", "{8AE3E0EF-35A0-411E-B971-62E3552669FA}"
EndProject
Project("{9A19103F-16F7-4668-BE54-9A1E7A4F7556}") = "Test_Utilisateur", "Test_Utilisateur\Test_Utilisateur.csproj", "{390B600D-4F52-4AE4-A925-8ACE280B6822}"
EndProject
Project("{9A19103F-16F7-4668-BE54-9A1E7A4F7556}") = "Persistance", "Persistance\Persistance.csproj", "{B9EDBDA6-EE43-4F50-A301-911C1CED4CAD}"
EndProject
Project("{9A19103F-16F7-4668-BE54-9A1E7A4F7556}") = "Test_Programme", "Test_Programme\Test_Programme.csproj", "{DF281B1B-88D8-4986-93BD-E1095153D10E}"
EndProject
Project("{9A19103F-16F7-4668-BE54-9A1E7A4F7556}") = "test_Manager", "test_Manager\test_Manager.csproj", "{2C04F365-D2C7-4518-A45F-CDB00A81BC4B}"
EndProject
Project("{9A19103F-16F7-4668-BE54-9A1E7A4F7556}") = "essai_Linq", "essai_Linq\essai_Linq.csproj", "{D6DAD684-B225-47F2-9E1D-564F23128662}"
EndProject
Project("{2150E333-8FDC-42A3-9474-1A3956D46DE8}") = "test_fonctionnels", "test_fonctionnels", "{F0B0DF2D-EA7F-4A41-88A3-60E6FC7DCFF6}"
EndProject
Global
	GlobalSection(SolutionConfigurationPlatforms) = preSolution
		Debug|Any CPU = Debug|Any CPU
		Release|Any CPU = Release|Any CPU
	EndGlobalSection
	GlobalSection(ProjectConfigurationPlatforms) = postSolution
		{5C968001-E65D-4B97-8D5D-D5FC9E200F5B}.Debug|Any CPU.ActiveCfg = Debug|Any CPU
		{5C968001-E65D-4B97-8D5D-D5FC9E200F5B}.Debug|Any CPU.Build.0 = Debug|Any CPU
		{5C968001-E65D-4B97-8D5D-D5FC9E200F5B}.Release|Any CPU.ActiveCfg = Release|Any CPU
		{5C968001-E65D-4B97-8D5D-D5FC9E200F5B}.Release|Any CPU.Build.0 = Release|Any CPU
		{412BCD8C-DD1A-4ED5-B2F0-D8060835A01B}.Debug|Any CPU.ActiveCfg = Debug|Any CPU
		{412BCD8C-DD1A-4ED5-B2F0-D8060835A01B}.Debug|Any CPU.Build.0 = Debug|Any CPU
		{412BCD8C-DD1A-4ED5-B2F0-D8060835A01B}.Release|Any CPU.ActiveCfg = Release|Any CPU
		{412BCD8C-DD1A-4ED5-B2F0-D8060835A01B}.Release|Any CPU.Build.0 = Release|Any CPU
		{149F3CED-E4ED-4209-86C3-A3B725B6E921}.Debug|Any CPU.ActiveCfg = Debug|Any CPU
		{149F3CED-E4ED-4209-86C3-A3B725B6E921}.Debug|Any CPU.Build.0 = Debug|Any CPU
		{149F3CED-E4ED-4209-86C3-A3B725B6E921}.Release|Any CPU.ActiveCfg = Release|Any CPU
		{149F3CED-E4ED-4209-86C3-A3B725B6E921}.Release|Any CPU.Build.0 = Release|Any CPU
		{5411DA8B-E41D-4EAC-BE59-9A584394DF9D}.Debug|Any CPU.ActiveCfg = Debug|Any CPU
		{5411DA8B-E41D-4EAC-BE59-9A584394DF9D}.Debug|Any CPU.Build.0 = Debug|Any CPU
		{5411DA8B-E41D-4EAC-BE59-9A584394DF9D}.Release|Any CPU.ActiveCfg = Release|Any CPU
		{5411DA8B-E41D-4EAC-BE59-9A584394DF9D}.Release|Any CPU.Build.0 = Release|Any CPU
		{390B600D-4F52-4AE4-A925-8ACE280B6822}.Debug|Any CPU.ActiveCfg = Debug|Any CPU
		{390B600D-4F52-4AE4-A925-8ACE280B6822}.Debug|Any CPU.Build.0 = Debug|Any CPU
		{390B600D-4F52-4AE4-A925-8ACE280B6822}.Release|Any CPU.ActiveCfg = Release|Any CPU
		{390B600D-4F52-4AE4-A925-8ACE280B6822}.Release|Any CPU.Build.0 = Release|Any CPU
		{B9EDBDA6-EE43-4F50-A301-911C1CED4CAD}.Debug|Any CPU.ActiveCfg = Debug|Any CPU
		{B9EDBDA6-EE43-4F50-A301-911C1CED4CAD}.Debug|Any CPU.Build.0 = Debug|Any CPU
		{B9EDBDA6-EE43-4F50-A301-911C1CED4CAD}.Release|Any CPU.ActiveCfg = Release|Any CPU
		{B9EDBDA6-EE43-4F50-A301-911C1CED4CAD}.Release|Any CPU.Build.0 = Release|Any CPU
		{DF281B1B-88D8-4986-93BD-E1095153D10E}.Debug|Any CPU.ActiveCfg = Debug|Any CPU
		{DF281B1B-88D8-4986-93BD-E1095153D10E}.Debug|Any CPU.Build.0 = Debug|Any CPU
		{DF281B1B-88D8-4986-93BD-E1095153D10E}.Release|Any CPU.ActiveCfg = Release|Any CPU
		{DF281B1B-88D8-4986-93BD-E1095153D10E}.Release|Any CPU.Build.0 = Release|Any CPU
		{2C04F365-D2C7-4518-A45F-CDB00A81BC4B}.Debug|Any CPU.ActiveCfg = Debug|Any CPU
		{2C04F365-D2C7-4518-A45F-CDB00A81BC4B}.Debug|Any CPU.Build.0 = Debug|Any CPU
		{2C04F365-D2C7-4518-A45F-CDB00A81BC4B}.Release|Any CPU.ActiveCfg = Release|Any CPU
		{2C04F365-D2C7-4518-A45F-CDB00A81BC4B}.Release|Any CPU.Build.0 = Release|Any CPU
		{D6DAD684-B225-47F2-9E1D-564F23128662}.Debug|Any CPU.ActiveCfg = Debug|Any CPU
		{D6DAD684-B225-47F2-9E1D-564F23128662}.Debug|Any CPU.Build.0 = Debug|Any CPU
		{D6DAD684-B225-47F2-9E1D-564F23128662}.Release|Any CPU.ActiveCfg = Release|Any CPU
		{D6DAD684-B225-47F2-9E1D-564F23128662}.Release|Any CPU.Build.0 = Release|Any CPU
	EndGlobalSection
	GlobalSection(SolutionProperties) = preSolution
		HideSolutionNode = FALSE
	EndGlobalSection
	GlobalSection(NestedProjects) = preSolution
		{5411DA8B-E41D-4EAC-BE59-9A584394DF9D} = {8AE3E0EF-35A0-411E-B971-62E3552669FA}
		{390B600D-4F52-4AE4-A925-8ACE280B6822} = {F0B0DF2D-EA7F-4A41-88A3-60E6FC7DCFF6}
		{DF281B1B-88D8-4986-93BD-E1095153D10E} = {F0B0DF2D-EA7F-4A41-88A3-60E6FC7DCFF6}
		{2C04F365-D2C7-4518-A45F-CDB00A81BC4B} = {F0B0DF2D-EA7F-4A41-88A3-60E6FC7DCFF6}
		{D6DAD684-B225-47F2-9E1D-564F23128662} = {8AE3E0EF-35A0-411E-B971-62E3552669FA}
		{F0B0DF2D-EA7F-4A41-88A3-60E6FC7DCFF6} = {8AE3E0EF-35A0-411E-B971-62E3552669FA}
	EndGlobalSection
	GlobalSection(ExtensibilityGlobals) = postSolution
		SolutionGuid = {0A1C0D27-C0D4-4E77-B27F-AF5DE63819EC}
	EndGlobalSection
EndGlobal
